<Solution>
  <Project Path="Galsov.Core/Galsov.Core.csproj" />
  <Project Path="Galsov.Data/Galsov.Data.csproj" />
  <Project Path="Galsov.Infrastructure/Galsov.Infrastructure.csproj" />
  <Project Path="Galsov.Tests/Galsov.Tests.csproj" />
  <Project Path="Galsov.UI/Galsov.UI.csproj" />
</Solution>
